{
    "_meta": {
        "hash": {
            "sha256": "a60b79618d7e1b34b099361fcdb47c01e92774e99d63f31e7c6a2c6763e47f2c"
        },
        "pipfile-spec": 6,
        "requires": {
            "python_version": "3.7"
        },
        "sources": [
            {
                "name": "pypi",
                "url": "https://pypi.org/simple",
                "verify_ssl": true
            }
        ]
    },
    "default": {
        "certifi": {
            "hashes": [
                "sha256:f4318671072f030a33c7ca6acaef720ddd50ff124d1388e50c1bda4cbd6d7010",
                "sha256:f7527ebf7461582ce95f7a9e03dd141ce810d40590834f4ec20cddd54234c10a"
            ],
            "index": "pypi",
            "version": "==2017.4.17"
        },
        "chardet": {
            "hashes": [
                "sha256:84ab92ed1c4d4f16916e05906b6b75a6c0fb5db821cc65e70cbd64a3e2a5eaae",
                "sha256:fc323ffcaeaed0e0a02bf4d117757b98aed530d9ed4531e3e15460124c106691"
            ],
            "index": "pypi",
            "version": "==3.0.4"
        },
        "cssselect": {
            "hashes": [
                "sha256:4f5f799a1d3182b04814007e9e7fc6c362f4489c7420d6b348cc901ece07ced9",
                "sha256:73db1c054b9348409e2862fc6c0dde5c4e4fbe4da64c5c5a9e05fbea45744077"
            ],
            "index": "pypi",
            "version": "==1.0.1"
        },
        "datetime": {
            "hashes": [
                "sha256:6a7d0650cf9cfc10b0e152fa6c667176cff7cd68b93040c10aca868d4a4617c0",
                "sha256:b3d91011caff312274a629b35abd6eb67038f8f92423ad3d9e071c0bf8823226"
            ],
            "index": "pypi",
            "version": "==4.2"
        },
        "idna": {
            "hashes": [
                "sha256:3cb5ce08046c4e3a560fc02f138d0ac63e00f8ce5901a56b32ec8b7994082aab",
                "sha256:cc19709fd6d0cbfed39ea875d29ba6d4e22c0cebc510a76d6302a28385e8bb70"
            ],
            "index": "pypi",
            "version": "==2.5"
        },
        "lxml": {
            "hashes": [
                "sha256:079f3ae844f38982d156efce585bc540c16a926d4436712cf4baee0cce487a3d",
                "sha256:0fbcf5565ac01dff87cbfc0ff323515c823081c5777a9fc7703ff58388c258c3",
                "sha256:122fba10466c7bd4178b07dba427aa516286b846b2cbd6f6169141917283aae2",
                "sha256:1b7584d421d254ab86d4f0b13ec662a9014397678a7c4265a02a6d7c2b18a75f",
                "sha256:26e761ab5b07adf5f555ee82fb4bfc35bf93750499c6c7614bd64d12aaa67927",
                "sha256:289e9ca1a9287f08daaf796d96e06cb2bc2958891d7911ac7cae1c5f9e1e0ee3",
                "sha256:2a9d50e69aac3ebee695424f7dbd7b8c6d6eb7de2a2eb6b0f6c7db6aa41e02b7",
                "sha256:33bb934a044cf32157c12bfcfbb6649807da20aa92c062ef51903415c704704f",
                "sha256:3439c71103ef0e904ea0a1901611863e51f50b5cd5e8654a151740fde5e1cade",
                "sha256:39b78571b3b30645ac77b95f7c69d1bffc4cf8c3b157c435a34da72e78c82468",
                "sha256:4289728b5e2000a4ad4ab8da6e1db2e093c63c08bdc0414799ee776a3f78da4b",
                "sha256:4bff24dfeea62f2e56f5bab929b4428ae6caba2d1eea0c2d6eb618e30a71e6d4",
                "sha256:542d454665a3e277f76954418124d67516c5f88e51a900365ed54a9806122b83",
                "sha256:5a0a14e264069c03e46f926be0d8919f4105c1623d620e7ec0e612a2e9bf1c04",
                "sha256:66e575c62792c3f9ca47cb8b6fab9e35bab91360c783d1606f758761810c9791",
                "sha256:74f7d8d439b18fa4c385f3f5dfd11144bb87c1da034a466c5b5577d23a1d9b51",
                "sha256:7610b8c31688f0b1be0ef882889817939490a36d0ee880ea562a4e1399c447a1",
                "sha256:76fa7b1362d19f8fbd3e75fe2fb7c79359b0af8747e6f7141c338f0bee2f871a",
                "sha256:7728e05c35412ba36d3e9795ae8995e3c86958179c9770e65558ec3fdfd3724f",
                "sha256:8157dadbb09a34a6bd95a50690595e1fa0af1a99445e2744110e3dca7831c4ee",
                "sha256:820628b7b3135403540202e60551e741f9b6d3304371712521be939470b454ec",
                "sha256:884ab9b29feaca361f7f88d811b1eea9bfca36cf3da27768d28ad45c3ee6f969",
                "sha256:89b8b22a5ff72d89d48d0e62abb14340d9e99fd637d046c27b8b257a01ffbe28",
                "sha256:92e821e43ad382332eade6812e298dc9701c75fe289f2a2d39c7960b43d1e92a",
                "sha256:b007cbb845b28db4fb8b6a5cdcbf65bacb16a8bd328b53cbc0698688a68e1caa",
                "sha256:bc4313cbeb0e7a416a488d72f9680fffffc645f8a838bd2193809881c67dd106",
                "sha256:bccbfc27563652de7dc9bdc595cb25e90b59c5f8e23e806ed0fd623755b6565d",
                "sha256:c4f05c5a7c49d2fb70223d0d5bcfbe474cf928310ac9fa6a7c6dddc831d0b1d4",
                "sha256:ce256aaa50f6cc9a649c51be3cd4ff142d67295bfc4f490c9134d0f9f6d58ef0",
                "sha256:d2e35d7bf1c1ac8c538f88d26b396e73dd81440d59c1ef8522e1ea77b345ede4",
                "sha256:df7c53783a46febb0e70f6b05df2ba104610f2fb0d27023409734a3ecbb78fb2",
                "sha256:efac139c3f0bf4f0939f9375af4b02c5ad83a622de52d6dfa8e438e8e01d0eb0",
                "sha256:efd7a09678fd8b53117f6bae4fa3825e0a22b03ef0a932e070c0bdbb3a35e654",
                "sha256:f2380a6376dfa090227b663f9678150ef27543483055cc327555fb592c5967e2",
                "sha256:f8380c03e45cf09f8557bdaa41e1fa7c81f3ae22828e1db470ab2a6c96d8bc23",
                "sha256:f90ba11136bfdd25cae3951af8da2e95121c9b9b93727b1b896e3fa105b2f586"
            ],
            "index": "pypi",
            "version": "==4.6.3"
        },
        "pyquery": {
            "hashes": [
                "sha256:554335a65570b4871051320a30919836f7548dbb2f2616d6e1f7c3f887096ef3",
                "sha256:6aa0133b30d9a0229ad65d3a7708c4e853bf46808fb359d06ca56f5039102af6"
            ],
            "index": "pypi",
            "version": "==1.2.17"
        },
        "pytz": {
            "hashes": [
                "sha256:d1d6729c85acea5423671382868627129432fba9a89ecbb248d8d1c7a9f01c67",
                "sha256:f5c056e8f62d45ba8215e5cb8f50dfccb198b4b9fbea8500674f3443e4689589"
            ],
            "index": "pypi",
            "version": "==2017.2"
        },
        "requests": {
            "hashes": [
                "sha256:6afd3371c1f4c1970497cdcace5c5ecbbe58267bf05ca1abd93d99d170803ab7",
                "sha256:c6f3bdf4a4323ac7b45d01e04a6f6c20e32a052cd04de81e05103abc049ad9b9"
            ],
            "index": "pypi",
            "version": "==2.18.1"
        },
        "six": {
            "hashes": [
                "sha256:0ff78c403d9bccf5a425a6d31a12aa6b47f1c21ca4dc2573a7e2f32a97335eb1",
                "sha256:105f8d68616f8248e24bf0e9372ef04d3cc10104f1980f54d57b2ce73a5ad56a"
            ],
            "index": "pypi",
            "version": "==1.10.0"
        },
        "slackclient": {
            "hashes": [
                "sha256:e8ef8cd38d4fa86af0a662a24116332f610d14257cda5ff13a6a5b199e836dda"
            ],
            "index": "pypi",
            "version": "==1.0.6"
        },
        "urllib3": {
            "hashes": [
                "sha256:8ed6d5c1ff9d6ba84677310060d6a3a78ca3072ce0684cb3c645023009c114b1",
                "sha256:b14486978518ca0901a76ba973d7821047409d7f726f22156b24e83fd71382a5"
            ],
            "index": "pypi",
            "version": "==1.21.1"
        },
        "websocket-client": {
            "hashes": [
                "sha256:15f585566e2ea7459136a632b9785aa081093064391878a448c382415e948d72",
                "sha256:91222bb3a22ba989ac87eec9121655f295dcb746b6207c5576ffa549ab69302c"
            ],
            "index": "pypi",
            "version": "==0.44.0"
        },
        "zope.interface": {
            "hashes": [
                "sha256:0b84b11b828770f9d711be99d037bb076ed0291a343fd910b683a9bd7866e0f2",
                "sha256:0d1e1f3a816b5b4774c0a7cf46adf399d298f44c4de71ecab6ea83b9b71b9bc7",
                "sha256:0e9fa25e4786d02e88a17f0b1152ab3e901ab47a44b05a6c711e253836d4698c",
                "sha256:0effab9d51933e35ccd01f4c8c6d72f8040df78deacb2ec9176a7519722ce9ba",
                "sha256:13119a6ab5cd1d9b28b85ac9c7e1dadd4e0b743016a5b77a374ce51b3d26f339",
                "sha256:17873e481cd2dce1db4fc15bbcb59400c100771354bddad8302fadb7dd2a0f0e",
                "sha256:21c506b586ab17e7d353e5597683112285b0889330c9bd4f374e4f8b387d3348",
                "sha256:2bcd66cc16dccf8b1cca37abe8ce947d38b54f78c244fd45102fc00997c7446a",
                "sha256:3c87138213b2a3896adcbf4fcc3dd916c68cef405cadcb9327d0f08949e10194",
                "sha256:40026b28cbf065ae54dcfdb1f95f14d6d07c4f38a4293a3bb663f2bee620fd4e",
                "sha256:4e59e427200201f69ef82956ddf9e527891becf5b7cde8ec3ce39e1d0e262eb0",
                "sha256:5c14d72a86df23bc473efa8567a2f04fc94d1ba84a8ba651e3a9991e8b20a15a",
                "sha256:5e0c85069a508835b192d5fd304aef4a7b23a325f2cd58e8953ae1c1eb1a8570",
                "sha256:6c9e61ac24ed84d9c6a20155d979bd08f278c76450d7ab65a107057780457aac",
                "sha256:74eba4f1d2100424d51956103836d7c07bc8e5bf17fcf34a59b784e1fcedeaf2",
                "sha256:74f2a8c466124f852cb78bbb6bf8306340af1885e77870abc5418cbfeb54fece",
                "sha256:7cc6f03a905094983f92cd6a97244de05e9293f7b09e110ce4c7c81de8a26a3a",
                "sha256:8aa8f86fb2c7a7cab830fc871a2bd19af18dabb0e940ec9adb658136eb12ebae",
                "sha256:8adee390aaeeae7d5858f023e552bdb631ff4f129900ea1e8bb62c3722af12f5",
                "sha256:9a567f17f3f41e955bc87cfa39cbd5713ba3077dfd8a06a360605ec45407e357",
                "sha256:aeeff785ba7cd5cad4b2cfd2930bf5c2431e0fdfdf7ffc0b3af44827f1007611",
                "sha256:b2467ebf96561f022265cf0e1920d19ab1178deb3f0bb9fbd81bd90e995251c1",
                "sha256:c55003bf2ab1046dbc0e79a4a9ac7af2f5800ed6ec4cb8e35fc3c99a21f380a8",
                "sha256:dac9c7d45f8ab94f6f1a0dd167398a633924c85238cc8d76a6a04e6eac04def7",
                "sha256:f7cbfd9698c16cb2ed164e7b9e4b3a24217e51fccfd95c3fd3dcca9bc1e7c9e9",
                "sha256:fae7b143aea7248cbbed9ed3977e8198fa82805d1643556b03d23df28ffdf99b",
                "sha256:fbe4140cc7743c541c302a0bf31dca432b0c0a914053809a9338237d54c3b6ca",
                "sha256:fd56bbded257c0da54e98dce7a030e76cc018b8c3eaeb8ce8f35487fb1c859e3"
            ],
            "index": "pypi",
            "version": "==4.4.2"
        }
    },
    "develop": {}
}
